
Microsoft Visual Studio Solution File, Format Version 12.00
# Visual Studio Version 16
VisualStudioVersion = 16.0.28531.58
MinimumVisualStudioVersion = 10.0.40219.1
Project("{FAE04EC0-301F-11D3-BF4B-00C04F79EFBC}") = "atm", "atm\atm.csproj", "{B7413ECC-64CD-4EEC-9C1D-319F8A79106C}"
EndProject
Global
	GlobalSection(SolutionConfigurationPlatforms) = preSolution
		Debug|Any CPU = Debug|Any CPU
		Release|Any CPU = Release|Any CPU
	EndGlobalSection
	GlobalSection(ProjectConfigurationPlatforms) = postSolution
		{B7413ECC-64CD-4EEC-9C1D-319F8A79106C}.Debug|Any CPU.ActiveCfg = Debug|Any CPU
		{B7413ECC-64CD-4EEC-9C1D-319F8A79106C}.Debug|Any CPU.Build.0 = Debug|Any CPU
		{B7413ECC-64CD-4EEC-9C1D-319F8A79106C}.Release|Any CPU.ActiveCfg = Release|Any CPU
		{B7413ECC-64CD-4EEC-9C1D-319F8A79106C}.Release|Any CPU.Build.0 = Release|Any CPU
	EndGlobalSection
	GlobalSection(SolutionProperties) = preSolution
		HideSolutionNode = FALSE
	EndGlobalSection
	GlobalSection(ExtensibilityGlobals) = postSolution
		SolutionGuid = {A81888B6-CEFB-416D-AABD-A5970E3DBCDC}
	EndGlobalSection
EndGlobal
